
Microsoft Visual Studio Solution File, Format Version 12.00
# Visual Studio 15
Project("{FAE04EC0-301F-11D3-BF4B-00C04F79EFBC}") = "UnityEngine.TestRunner", "UnityEngine.TestRunner.csproj", "{AE740CF4-696F-1871-85C1-5C98065111F9}"
EndProject
Project("{FAE04EC0-301F-11D3-BF4B-00C04F79EFBC}") = "Unity.Mathematics", "Unity.Mathematics.csproj", "{6523F530-EBAA-60BE-06C8-BF98E4D54240}"
EndProject
Project("{FAE04EC0-301F-11D3-BF4B-00C04F79EFBC}") = "Unity.2D.Animation.Triangle.Runtime", "Unity.2D.Animation.Triangle.Runtime.csproj", "{773D1832-DF1E-01AC-B1F9-84BE98DBB40B}"
EndProject
Project("{FAE04EC0-301F-11D3-BF4B-00C04F79EFBC}") = "Unity.Timeline", "Unity.Timeline.csproj", "{86C717FA-C1FA-D8D7-4EBC-9F5B94D1B3C0}"
EndProject
Project("{FAE04EC0-301F-11D3-BF4B-00C04F79EFBC}") = "UnityEngine.UI", "UnityEngine.UI.csproj", "{88FF04F0-483B-5B68-9E87-0817822EE488}"
EndProject
Project("{FAE04EC0-301F-11D3-BF4B-00C04F79EFBC}") = "Unity.TextMeshPro", "Unity.TextMeshPro.csproj", "{C17EBAF4-0CC1-662F-E8CE-24D35762FE71}"
EndProject
Project("{FAE04EC0-301F-11D3-BF4B-00C04F79EFBC}") = "Unity.2D.Animation.Runtime", "Unity.2D.Animation.Runtime.csproj", "{3F321656-48C7-1AF2-4FBC-AEA2F0E7521E}"
EndProject
Project("{FAE04EC0-301F-11D3-BF4B-00C04F79EFBC}") = "Unity.2D.IK.Runtime", "Unity.2D.IK.Runtime.csproj", "{E0BE4ED9-00BB-8168-E9CE-6834547A9734}"
EndProject
Project("{FAE04EC0-301F-11D3-BF4B-00C04F79EFBC}") = "Assembly-CSharp", "Assembly-CSharp.csproj", "{AB058643-2DFA-C077-36E2-D12E4B36C878}"
EndProject
Project("{FAE04EC0-301F-11D3-BF4B-00C04F79EFBC}") = "Unity.2D.SpriteShape.Runtime", "Unity.2D.SpriteShape.Runtime.csproj", "{8FCC1EF1-6360-38BF-BACF-8BEE1F9DE544}"
EndProject
Project("{FAE04EC0-301F-11D3-BF4B-00C04F79EFBC}") = "Unity.2D.PixelPerfect", "Unity.2D.PixelPerfect.csproj", "{7AC59BA9-D344-5636-E72B-3D49F9FD9950}"
EndProject
Project("{FAE04EC0-301F-11D3-BF4B-00C04F79EFBC}") = "Unity.2D.Common.Runtime", "Unity.2D.Common.Runtime.csproj", "{92AB2536-F6A9-2F1A-3C75-90D58B09D17D}"
EndProject
Project("{FAE04EC0-301F-11D3-BF4B-00C04F79EFBC}") = "Unity.InternalAPIEngineBridge.001", "Unity.InternalAPIEngineBridge.001.csproj", "{8642F4B7-8F79-5FBC-F1CC-1EDB2A120089}"
EndProject
Project("{FAE04EC0-301F-11D3-BF4B-00C04F79EFBC}") = "UnityEditor.TestRunner", "UnityEditor.TestRunner.csproj", "{1636A365-23C4-7E25-E55B-6B5B55B376A1}"
EndProject
Project("{FAE04EC0-301F-11D3-BF4B-00C04F79EFBC}") = "Unity.PlasticSCM.Editor", "Unity.PlasticSCM.Editor.csproj", "{CAF9142D-A6A4-3BF0-7840-623C4A8FA987}"
EndProject
Project("{FAE04EC0-301F-11D3-BF4B-00C04F79EFBC}") = "UnityEditor.UI", "UnityEditor.UI.csproj", "{5895944C-B9B5-AD3A-1C01-4BBAB5EFAFF3}"
EndProject
Project("{FAE04EC0-301F-11D3-BF4B-00C04F79EFBC}") = "Unity.Services.Core.Editor", "Unity.Services.Core.Editor.csproj", "{1237EBA2-B8FD-8FD4-62A4-4EAC4659D277}"
EndProject
Project("{FAE04EC0-301F-11D3-BF4B-00C04F79EFBC}") = "Unity.Timeline.Editor", "Unity.Timeline.Editor.csproj", "{63B690AD-81B5-66F1-9F32-E21A56FEB812}"
EndProject
Project("{FAE04EC0-301F-11D3-BF4B-00C04F79EFBC}") = "Unity.VisualStudio.Editor", "Unity.VisualStudio.Editor.csproj", "{FEF25F2C-F489-36DA-4544-F3DE420B7260}"
EndProject
Project("{FAE04EC0-301F-11D3-BF4B-00C04F79EFBC}") = "Unity.2D.Psdimporter.Editor", "Unity.2D.Psdimporter.Editor.csproj", "{5C20399E-46E8-6267-E377-F419D4E33516}"
EndProject
Project("{FAE04EC0-301F-11D3-BF4B-00C04F79EFBC}") = "Unity.2D.Animation.Editor", "Unity.2D.Animation.Editor.csproj", "{32C9F2F0-0615-2BF9-5E2E-89807511A635}"
EndProject
Project("{FAE04EC0-301F-11D3-BF4B-00C04F79EFBC}") = "Unity.TextMeshPro.Editor", "Unity.TextMeshPro.Editor.csproj", "{B86BEC14-AF73-6DE2-E9F7-715463FD06D1}"
EndProject
Project("{FAE04EC0-301F-11D3-BF4B-00C04F79EFBC}") = "Unity.2D.SpriteShape.Editor", "Unity.2D.SpriteShape.Editor.csproj", "{4AB3A56E-081B-8C77-377C-93554F94C099}"
EndProject
Project("{FAE04EC0-301F-11D3-BF4B-00C04F79EFBC}") = "Unity.CollabProxy.Editor", "Unity.CollabProxy.Editor.csproj", "{CE8D3252-B8F2-D37A-F3C0-ED7AD6E9E2A0}"
EndProject
Project("{FAE04EC0-301F-11D3-BF4B-00C04F79EFBC}") = "PsdPlugin", "PsdPlugin.csproj", "{419BAA71-CFC3-72FF-99C4-2C33210FD7D2}"
EndProject
Project("{FAE04EC0-301F-11D3-BF4B-00C04F79EFBC}") = "Unity.2D.Path.Editor", "Unity.2D.Path.Editor.csproj", "{82DAB150-51AB-065B-22EA-63DAE9C8D145}"
EndProject
Project("{FAE04EC0-301F-11D3-BF4B-00C04F79EFBC}") = "Unity.Rider.Editor", "Unity.Rider.Editor.csproj", "{12592288-4236-06B0-D418-005DE9C5D8F3}"
EndProject
Project("{FAE04EC0-301F-11D3-BF4B-00C04F79EFBC}") = "Unity.2D.IK.Editor", "Unity.2D.IK.Editor.csproj", "{432E504D-30B1-C2EE-5F92-A5C51CD05E07}"
EndProject
Project("{FAE04EC0-301F-11D3-BF4B-00C04F79EFBC}") = "Unity.2D.Sprite.Editor", "Unity.2D.Sprite.Editor.csproj", "{9EEAE68C-42FA-A458-A356-5D4CA0CBB327}"
EndProject
Project("{FAE04EC0-301F-11D3-BF4B-00C04F79EFBC}") = "Unity.2D.Tilemap.Editor", "Unity.2D.Tilemap.Editor.csproj", "{C76ED86F-CB82-C0BA-4B62-85135BFBED40}"
EndProject
Project("{FAE04EC0-301F-11D3-BF4B-00C04F79EFBC}") = "Unity.2D.PixelPerfect.Editor", "Unity.2D.PixelPerfect.Editor.csproj", "{822F664A-EA99-1F51-7D79-F5E66C9A9B92}"
EndProject
Project("{FAE04EC0-301F-11D3-BF4B-00C04F79EFBC}") = "Unity.VSCode.Editor", "Unity.VSCode.Editor.csproj", "{992505CC-C639-44DF-C14D-FF021870F47E}"
EndProject
Project("{FAE04EC0-301F-11D3-BF4B-00C04F79EFBC}") = "Unity.2D.Common.Editor", "Unity.2D.Common.Editor.csproj", "{78692F30-E22A-BE7E-E76E-D88967172E1A}"
EndProject
Project("{FAE04EC0-301F-11D3-BF4B-00C04F79EFBC}") = "Unity.Mathematics.Editor", "Unity.Mathematics.Editor.csproj", "{96CDDA83-F5BE-81ED-B51A-0A13A450C914}"
EndProject
Project("{FAE04EC0-301F-11D3-BF4B-00C04F79EFBC}") = "Unity.InternalAPIEditorBridge.001", "Unity.InternalAPIEditorBridge.001.csproj", "{4F825FB3-3B67-07A3-AE0B-344B6FD7D17E}"
EndProject
Project("{FAE04EC0-301F-11D3-BF4B-00C04F79EFBC}") = "UnityEngine.TestRunner", "UnityEngine.TestRunner.Player.csproj", "{6CF3944B-31AA-E928-2ED4-D092CE66ADBF}"
EndProject
Project("{FAE04EC0-301F-11D3-BF4B-00C04F79EFBC}") = "Unity.Mathematics", "Unity.Mathematics.Player.csproj", "{463F6372-FB7D-DA03-8777-810D7ED7A4E6}"
EndProject
Project("{FAE04EC0-301F-11D3-BF4B-00C04F79EFBC}") = "Unity.2D.Animation.Triangle.Runtime", "Unity.2D.Animation.Triangle.Runtime.Player.csproj", "{155572C3-FEA5-8D88-8D6A-4DAEDA64C1DF}"
EndProject
Project("{FAE04EC0-301F-11D3-BF4B-00C04F79EFBC}") = "Unity.Timeline", "Unity.Timeline.Player.csproj", "{C20AD807-D629-084E-E1E6-7B1069A10252}"
EndProject
Project("{FAE04EC0-301F-11D3-BF4B-00C04F79EFBC}") = "UnityEngine.UI", "UnityEngine.UI.Player.csproj", "{8BEF047E-1FB3-B572-567E-EE9D9DE920FE}"
EndProject
Project("{FAE04EC0-301F-11D3-BF4B-00C04F79EFBC}") = "Unity.TextMeshPro", "Unity.TextMeshPro.Player.csproj", "{BCC8E098-EC9E-E661-9438-1DA6817E697F}"
EndProject
Project("{FAE04EC0-301F-11D3-BF4B-00C04F79EFBC}") = "Unity.2D.Animation.Runtime", "Unity.2D.Animation.Runtime.Player.csproj", "{6ECEE82A-8664-9EED-8918-2F49361A4F8D}"
EndProject
Project("{FAE04EC0-301F-11D3-BF4B-00C04F79EFBC}") = "Unity.2D.IK.Runtime", "Unity.2D.IK.Runtime.Player.csproj", "{502872A0-62BF-BE5E-2F0C-40663A550028}"
EndProject
Project("{FAE04EC0-301F-11D3-BF4B-00C04F79EFBC}") = "Assembly-CSharp", "Assembly-CSharp.Player.csproj", "{89DA18CC-F85A-28A9-17AA-2507C7B279CE}"
EndProject
Project("{FAE04EC0-301F-11D3-BF4B-00C04F79EFBC}") = "Unity.2D.SpriteShape.Runtime", "Unity.2D.SpriteShape.Runtime.Player.csproj", "{6D09AFE9-0D3D-0C05-0587-B4455B31B691}"
EndProject
Project("{FAE04EC0-301F-11D3-BF4B-00C04F79EFBC}") = "Unity.2D.PixelPerfect", "Unity.2D.PixelPerfect.Player.csproj", "{73BBEFA2-4DAB-586F-A1BB-C8BD9F00C3B4}"
EndProject
Project("{FAE04EC0-301F-11D3-BF4B-00C04F79EFBC}") = "Unity.2D.Common.Runtime", "Unity.2D.Common.Runtime.Player.csproj", "{08693214-A0CB-47CC-8C6D-FF4A444CFB67}"
EndProject
Project("{FAE04EC0-301F-11D3-BF4B-00C04F79EFBC}") = "Unity.InternalAPIEngineBridge.001", "Unity.InternalAPIEngineBridge.001.Player.csproj", "{6C24BC78-3502-02AF-E7BE-357208E3723B}"
EndProject
Global
	GlobalSection(SolutionConfigurationPlatforms) = preSolution
		Debug|Any CPU = Debug|Any CPU
		Release|Any CPU = Release|Any CPU
	EndGlobalSection
	GlobalSection(ProjectConfigurationPlatforms) = postSolution
		{AE740CF4-696F-1871-85C1-5C98065111F9}.Debug|Any CPU.ActiveCfg = Debug|Any CPU
		{AE740CF4-696F-1871-85C1-5C98065111F9}.Debug|Any CPU.Build.0 = Debug|Any CPU
		{AE740CF4-696F-1871-85C1-5C98065111F9}.Release|Any CPU.ActiveCfg = Release|Any CPU
		{AE740CF4-696F-1871-85C1-5C98065111F9}.Release|Any CPU.Build.0 = Release|Any CPU
		{6523F530-EBAA-60BE-06C8-BF98E4D54240}.Debug|Any CPU.ActiveCfg = Debug|Any CPU
		{6523F530-EBAA-60BE-06C8-BF98E4D54240}.Debug|Any CPU.Build.0 = Debug|Any CPU
		{6523F530-EBAA-60BE-06C8-BF98E4D54240}.Release|Any CPU.ActiveCfg = Release|Any CPU
		{6523F530-EBAA-60BE-06C8-BF98E4D54240}.Release|Any CPU.Build.0 = Release|Any CPU
		{773D1832-DF1E-01AC-B1F9-84BE98DBB40B}.Debug|Any CPU.ActiveCfg = Debug|Any CPU
		{773D1832-DF1E-01AC-B1F9-84BE98DBB40B}.Debug|Any CPU.Build.0 = Debug|Any CPU
		{773D1832-DF1E-01AC-B1F9-84BE98DBB40B}.Release|Any CPU.ActiveCfg = Release|Any CPU
		{773D1832-DF1E-01AC-B1F9-84BE98DBB40B}.Release|Any CPU.Build.0 = Release|Any CPU
		{86C717FA-C1FA-D8D7-4EBC-9F5B94D1B3C0}.Debug|Any CPU.ActiveCfg = Debug|Any CPU
		{86C717FA-C1FA-D8D7-4EBC-9F5B94D1B3C0}.Debug|Any CPU.Build.0 = Debug|Any CPU
		{86C717FA-C1FA-D8D7-4EBC-9F5B94D1B3C0}.Release|Any CPU.ActiveCfg = Release|Any CPU
		{86C717FA-C1FA-D8D7-4EBC-9F5B94D1B3C0}.Release|Any CPU.Build.0 = Release|Any CPU
		{88FF04F0-483B-5B68-9E87-0817822EE488}.Debug|Any CPU.ActiveCfg = Debug|Any CPU
		{88FF04F0-483B-5B68-9E87-0817822EE488}.Debug|Any CPU.Build.0 = Debug|Any CPU
		{88FF04F0-483B-5B68-9E87-0817822EE488}.Release|Any CPU.ActiveCfg = Release|Any CPU
		{88FF04F0-483B-5B68-9E87-0817822EE488}.Release|Any CPU.Build.0 = Release|Any CPU
		{C17EBAF4-0CC1-662F-E8CE-24D35762FE71}.Debug|Any CPU.ActiveCfg = Debug|Any CPU
		{C17EBAF4-0CC1-662F-E8CE-24D35762FE71}.Debug|Any CPU.Build.0 = Debug|Any CPU
		{C17EBAF4-0CC1-662F-E8CE-24D35762FE71}.Release|Any CPU.ActiveCfg = Release|Any CPU
		{C17EBAF4-0CC1-662F-E8CE-24D35762FE71}.Release|Any CPU.Build.0 = Release|Any CPU
		{3F321656-48C7-1AF2-4FBC-AEA2F0E7521E}.Debug|Any CPU.ActiveCfg = Debug|Any CPU
		{3F321656-48C7-1AF2-4FBC-AEA2F0E7521E}.Debug|Any CPU.Build.0 = Debug|Any CPU
		{3F321656-48C7-1AF2-4FBC-AEA2F0E7521E}.Release|Any CPU.ActiveCfg = Release|Any CPU
		{3F321656-48C7-1AF2-4FBC-AEA2F0E7521E}.Release|Any CPU.Build.0 = Release|Any CPU
		{E0BE4ED9-00BB-8168-E9CE-6834547A9734}.Debug|Any CPU.ActiveCfg = Debug|Any CPU
		{E0BE4ED9-00BB-8168-E9CE-6834547A9734}.Debug|Any CPU.Build.0 = Debug|Any CPU
		{E0BE4ED9-00BB-8168-E9CE-6834547A9734}.Release|Any CPU.ActiveCfg = Release|Any CPU
		{E0BE4ED9-00BB-8168-E9CE-6834547A9734}.Release|Any CPU.Build.0 = Release|Any CPU
		{AB058643-2DFA-C077-36E2-D12E4B36C878}.Debug|Any CPU.ActiveCfg = Debug|Any CPU
		{AB058643-2DFA-C077-36E2-D12E4B36C878}.Debug|Any CPU.Build.0 = Debug|Any CPU
		{AB058643-2DFA-C077-36E2-D12E4B36C878}.Release|Any CPU.ActiveCfg = Release|Any CPU
		{AB058643-2DFA-C077-36E2-D12E4B36C878}.Release|Any CPU.Build.0 = Release|Any CPU
		{8FCC1EF1-6360-38BF-BACF-8BEE1F9DE544}.Debug|Any CPU.ActiveCfg = Debug|Any CPU
		{8FCC1EF1-6360-38BF-BACF-8BEE1F9DE544}.Debug|Any CPU.Build.0 = Debug|Any CPU
		{8FCC1EF1-6360-38BF-BACF-8BEE1F9DE544}.Release|Any CPU.ActiveCfg = Release|Any CPU
		{8FCC1EF1-6360-38BF-BACF-8BEE1F9DE544}.Release|Any CPU.Build.0 = Release|Any CPU
		{7AC59BA9-D344-5636-E72B-3D49F9FD9950}.Debug|Any CPU.ActiveCfg = Debug|Any CPU
		{7AC59BA9-D344-5636-E72B-3D49F9FD9950}.Debug|Any CPU.Build.0 = Debug|Any CPU
		{7AC59BA9-D344-5636-E72B-3D49F9FD9950}.Release|Any CPU.ActiveCfg = Release|Any CPU
		{7AC59BA9-D344-5636-E72B-3D49F9FD9950}.Release|Any CPU.Build.0 = Release|Any CPU
		{92AB2536-F6A9-2F1A-3C75-90D58B09D17D}.Debug|Any CPU.ActiveCfg = Debug|Any CPU
		{92AB2536-F6A9-2F1A-3C75-90D58B09D17D}.Debug|Any CPU.Build.0 = Debug|Any CPU
		{92AB2536-F6A9-2F1A-3C75-90D58B09D17D}.Release|Any CPU.ActiveCfg = Release|Any CPU
		{92AB2536-F6A9-2F1A-3C75-90D58B09D17D}.Release|Any CPU.Build.0 = Release|Any CPU
		{8642F4B7-8F79-5FBC-F1CC-1EDB2A120089}.Debug|Any CPU.ActiveCfg = Debug|Any CPU
		{8642F4B7-8F79-5FBC-F1CC-1EDB2A120089}.Debug|Any CPU.Build.0 = Debug|Any CPU
		{8642F4B7-8F79-5FBC-F1CC-1EDB2A120089}.Release|Any CPU.ActiveCfg = Release|Any CPU
		{8642F4B7-8F79-5FBC-F1CC-1EDB2A120089}.Release|Any CPU.Build.0 = Release|Any CPU
		{1636A365-23C4-7E25-E55B-6B5B55B376A1}.Debug|Any CPU.ActiveCfg = Debug|Any CPU
		{1636A365-23C4-7E25-E55B-6B5B55B376A1}.Debug|Any CPU.Build.0 = Debug|Any CPU
		{1636A365-23C4-7E25-E55B-6B5B55B376A1}.Release|Any CPU.ActiveCfg = Release|Any CPU
		{1636A365-23C4-7E25-E55B-6B5B55B376A1}.Release|Any CPU.Build.0 = Release|Any CPU
		{CAF9142D-A6A4-3BF0-7840-623C4A8FA987}.Debug|Any CPU.ActiveCfg = Debug|Any CPU
		{CAF9142D-A6A4-3BF0-7840-623C4A8FA987}.Debug|Any CPU.Build.0 = Debug|Any CPU
		{CAF9142D-A6A4-3BF0-7840-623C4A8FA987}.Release|Any CPU.ActiveCfg = Release|Any CPU
		{CAF9142D-A6A4-3BF0-7840-623C4A8FA987}.Release|Any CPU.Build.0 = Release|Any CPU
		{5895944C-B9B5-AD3A-1C01-4BBAB5EFAFF3}.Debug|Any CPU.ActiveCfg = Debug|Any CPU
		{5895944C-B9B5-AD3A-1C01-4BBAB5EFAFF3}.Debug|Any CPU.Build.0 = Debug|Any CPU
		{5895944C-B9B5-AD3A-1C01-4BBAB5EFAFF3}.Release|Any CPU.ActiveCfg = Release|Any CPU
		{5895944C-B9B5-AD3A-1C01-4BBAB5EFAFF3}.Release|Any CPU.Build.0 = Release|Any CPU
		{1237EBA2-B8FD-8FD4-62A4-4EAC4659D277}.Debug|Any CPU.ActiveCfg = Debug|Any CPU
		{1237EBA2-B8FD-8FD4-62A4-4EAC4659D277}.Debug|Any CPU.Build.0 = Debug|Any CPU
		{1237EBA2-B8FD-8FD4-62A4-4EAC4659D277}.Release|Any CPU.ActiveCfg = Release|Any CPU
		{1237EBA2-B8FD-8FD4-62A4-4EAC4659D277}.Release|Any CPU.Build.0 = Release|Any CPU
		{63B690AD-81B5-66F1-9F32-E21A56FEB812}.Debug|Any CPU.ActiveCfg = Debug|Any CPU
		{63B690AD-81B5-66F1-9F32-E21A56FEB812}.Debug|Any CPU.Build.0 = Debug|Any CPU
		{63B690AD-81B5-66F1-9F32-E21A56FEB812}.Release|Any CPU.ActiveCfg = Release|Any CPU
		{63B690AD-81B5-66F1-9F32-E21A56FEB812}.Release|Any CPU.Build.0 = Release|Any CPU
		{FEF25F2C-F489-36DA-4544-F3DE420B7260}.Debug|Any CPU.ActiveCfg = Debug|Any CPU
		{FEF25F2C-F489-36DA-4544-F3DE420B7260}.Debug|Any CPU.Build.0 = Debug|Any CPU
		{FEF25F2C-F489-36DA-4544-F3DE420B7260}.Release|Any CPU.ActiveCfg = Release|Any CPU
		{FEF25F2C-F489-36DA-4544-F3DE420B7260}.Release|Any CPU.Build.0 = Release|Any CPU
		{5C20399E-46E8-6267-E377-F419D4E33516}.Debug|Any CPU.ActiveCfg = Debug|Any CPU
		{5C20399E-46E8-6267-E377-F419D4E33516}.Debug|Any CPU.Build.0 = Debug|Any CPU
		{5C20399E-46E8-6267-E377-F419D4E33516}.Release|Any CPU.ActiveCfg = Release|Any CPU
		{5C20399E-46E8-6267-E377-F419D4E33516}.Release|Any CPU.Build.0 = Release|Any CPU
		{32C9F2F0-0615-2BF9-5E2E-89807511A635}.Debug|Any CPU.ActiveCfg = Debug|Any CPU
		{32C9F2F0-0615-2BF9-5E2E-89807511A635}.Debug|Any CPU.Build.0 = Debug|Any CPU
		{32C9F2F0-0615-2BF9-5E2E-89807511A635}.Release|Any CPU.ActiveCfg = Release|Any CPU
		{32C9F2F0-0615-2BF9-5E2E-89807511A635}.Release|Any CPU.Build.0 = Release|Any CPU
		{B86BEC14-AF73-6DE2-E9F7-715463FD06D1}.Debug|Any CPU.ActiveCfg = Debug|Any CPU
		{B86BEC14-AF73-6DE2-E9F7-715463FD06D1}.Debug|Any CPU.Build.0 = Debug|Any CPU
		{B86BEC14-AF73-6DE2-E9F7-715463FD06D1}.Release|Any CPU.ActiveCfg = Release|Any CPU
		{B86BEC14-AF73-6DE2-E9F7-715463FD06D1}.Release|Any CPU.Build.0 = Release|Any CPU
		{4AB3A56E-081B-8C77-377C-93554F94C099}.Debug|Any CPU.ActiveCfg = Debug|Any CPU
		{4AB3A56E-081B-8C77-377C-93554F94C099}.Debug|Any CPU.Build.0 = Debug|Any CPU
		{4AB3A56E-081B-8C77-377C-93554F94C099}.Release|Any CPU.ActiveCfg = Release|Any CPU
		{4AB3A56E-081B-8C77-377C-93554F94C099}.Release|Any CPU.Build.0 = Release|Any CPU
		{CE8D3252-B8F2-D37A-F3C0-ED7AD6E9E2A0}.Debug|Any CPU.ActiveCfg = Debug|Any CPU
		{CE8D3252-B8F2-D37A-F3C0-ED7AD6E9E2A0}.Debug|Any CPU.Build.0 = Debug|Any CPU
		{CE8D3252-B8F2-D37A-F3C0-ED7AD6E9E2A0}.Release|Any CPU.ActiveCfg = Release|Any CPU
		{CE8D3252-B8F2-D37A-F3C0-ED7AD6E9E2A0}.Release|Any CPU.Build.0 = Release|Any CPU
		{419BAA71-CFC3-72FF-99C4-2C33210FD7D2}.Debug|Any CPU.ActiveCfg = Debug|Any CPU
		{419BAA71-CFC3-72FF-99C4-2C33210FD7D2}.Debug|Any CPU.Build.0 = Debug|Any CPU
		{419BAA71-CFC3-72FF-99C4-2C33210FD7D2}.Release|Any CPU.ActiveCfg = Release|Any CPU
		{419BAA71-CFC3-72FF-99C4-2C33210FD7D2}.Release|Any CPU.Build.0 = Release|Any CPU
		{82DAB150-51AB-065B-22EA-63DAE9C8D145}.Debug|Any CPU.ActiveCfg = Debug|Any CPU
		{82DAB150-51AB-065B-22EA-63DAE9C8D145}.Debug|Any CPU.Build.0 = Debug|Any CPU
		{82DAB150-51AB-065B-22EA-63DAE9C8D145}.Release|Any CPU.ActiveCfg = Release|Any CPU
		{82DAB150-51AB-065B-22EA-63DAE9C8D145}.Release|Any CPU.Build.0 = Release|Any CPU
		{12592288-4236-06B0-D418-005DE9C5D8F3}.Debug|Any CPU.ActiveCfg = Debug|Any CPU
		{12592288-4236-06B0-D418-005DE9C5D8F3}.Debug|Any CPU.Build.0 = Debug|Any CPU
		{12592288-4236-06B0-D418-005DE9C5D8F3}.Release|Any CPU.ActiveCfg = Release|Any CPU
		{12592288-4236-06B0-D418-005DE9C5D8F3}.Release|Any CPU.Build.0 = Release|Any CPU
		{432E504D-30B1-C2EE-5F92-A5C51CD05E07}.Debug|Any CPU.ActiveCfg = Debug|Any CPU
		{432E504D-30B1-C2EE-5F92-A5C51CD05E07}.Debug|Any CPU.Build.0 = Debug|Any CPU
		{432E504D-30B1-C2EE-5F92-A5C51CD05E07}.Release|Any CPU.ActiveCfg = Release|Any CPU
		{432E504D-30B1-C2EE-5F92-A5C51CD05E07}.Release|Any CPU.Build.0 = Release|Any CPU
		{9EEAE68C-42FA-A458-A356-5D4CA0CBB327}.Debug|Any CPU.ActiveCfg = Debug|Any CPU
		{9EEAE68C-42FA-A458-A356-5D4CA0CBB327}.Debug|Any CPU.Build.0 = Debug|Any CPU
		{9EEAE68C-42FA-A458-A356-5D4CA0CBB327}.Release|Any CPU.ActiveCfg = Release|Any CPU
		{9EEAE68C-42FA-A458-A356-5D4CA0CBB327}.Release|Any CPU.Build.0 = Release|Any CPU
		{C76ED86F-CB82-C0BA-4B62-85135BFBED40}.Debug|Any CPU.ActiveCfg = Debug|Any CPU
		{C76ED86F-CB82-C0BA-4B62-85135BFBED40}.Debug|Any CPU.Build.0 = Debug|Any CPU
		{C76ED86F-CB82-C0BA-4B62-85135BFBED40}.Release|Any CPU.ActiveCfg = Release|Any CPU
		{C76ED86F-CB82-C0BA-4B62-85135BFBED40}.Release|Any CPU.Build.0 = Release|Any CPU
		{822F664A-EA99-1F51-7D79-F5E66C9A9B92}.Debug|Any CPU.ActiveCfg = Debug|Any CPU
		{822F664A-EA99-1F51-7D79-F5E66C9A9B92}.Debug|Any CPU.Build.0 = Debug|Any CPU
		{822F664A-EA99-1F51-7D79-F5E66C9A9B92}.Release|Any CPU.ActiveCfg = Release|Any CPU
		{822F664A-EA99-1F51-7D79-F5E66C9A9B92}.Release|Any CPU.Build.0 = Release|Any CPU
		{992505CC-C639-44DF-C14D-FF021870F47E}.Debug|Any CPU.ActiveCfg = Debug|Any CPU
		{992505CC-C639-44DF-C14D-FF021870F47E}.Debug|Any CPU.Build.0 = Debug|Any CPU
		{992505CC-C639-44DF-C14D-FF021870F47E}.Release|Any CPU.ActiveCfg = Release|Any CPU
		{992505CC-C639-44DF-C14D-FF021870F47E}.Release|Any CPU.Build.0 = Release|Any CPU
		{78692F30-E22A-BE7E-E76E-D88967172E1A}.Debug|Any CPU.ActiveCfg = Debug|Any CPU
		{78692F30-E22A-BE7E-E76E-D88967172E1A}.Debug|Any CPU.Build.0 = Debug|Any CPU
		{78692F30-E22A-BE7E-E76E-D88967172E1A}.Release|Any CPU.ActiveCfg = Release|Any CPU
		{78692F30-E22A-BE7E-E76E-D88967172E1A}.Release|Any CPU.Build.0 = Release|Any CPU
		{96CDDA83-F5BE-81ED-B51A-0A13A450C914}.Debug|Any CPU.ActiveCfg = Debug|Any CPU
		{96CDDA83-F5BE-81ED-B51A-0A13A450C914}.Debug|Any CPU.Build.0 = Debug|Any CPU
		{96CDDA83-F5BE-81ED-B51A-0A13A450C914}.Release|Any CPU.ActiveCfg = Release|Any CPU
		{96CDDA83-F5BE-81ED-B51A-0A13A450C914}.Release|Any CPU.Build.0 = Release|Any CPU
		{4F825FB3-3B67-07A3-AE0B-344B6FD7D17E}.Debug|Any CPU.ActiveCfg = Debug|Any CPU
		{4F825FB3-3B67-07A3-AE0B-344B6FD7D17E}.Debug|Any CPU.Build.0 = Debug|Any CPU
		{4F825FB3-3B67-07A3-AE0B-344B6FD7D17E}.Release|Any CPU.ActiveCfg = Release|Any CPU
		{4F825FB3-3B67-07A3-AE0B-344B6FD7D17E}.Release|Any CPU.Build.0 = Release|Any CPU
		{6CF3944B-31AA-E928-2ED4-D092CE66ADBF}.Debug|Any CPU.ActiveCfg = Debug|Any CPU
		{6CF3944B-31AA-E928-2ED4-D092CE66ADBF}.Debug|Any CPU.Build.0 = Debug|Any CPU
		{6CF3944B-31AA-E928-2ED4-D092CE66ADBF}.Release|Any CPU.ActiveCfg = Release|Any CPU
		{6CF3944B-31AA-E928-2ED4-D092CE66ADBF}.Release|Any CPU.Build.0 = Release|Any CPU
		{463F6372-FB7D-DA03-8777-810D7ED7A4E6}.Debug|Any CPU.ActiveCfg = Debug|Any CPU
		{463F6372-FB7D-DA03-8777-810D7ED7A4E6}.Debug|Any CPU.Build.0 = Debug|Any CPU
		{463F6372-FB7D-DA03-8777-810D7ED7A4E6}.Release|Any CPU.ActiveCfg = Release|Any CPU
		{463F6372-FB7D-DA03-8777-810D7ED7A4E6}.Release|Any CPU.Build.0 = Release|Any CPU
		{155572C3-FEA5-8D88-8D6A-4DAEDA64C1DF}.Debug|Any CPU.ActiveCfg = Debug|Any CPU
		{155572C3-FEA5-8D88-8D6A-4DAEDA64C1DF}.Debug|Any CPU.Build.0 = Debug|Any CPU
		{155572C3-FEA5-8D88-8D6A-4DAEDA64C1DF}.Release|Any CPU.ActiveCfg = Release|Any CPU
		{155572C3-FEA5-8D88-8D6A-4DAEDA64C1DF}.Release|Any CPU.Build.0 = Release|Any CPU
		{C20AD807-D629-084E-E1E6-7B1069A10252}.Debug|Any CPU.ActiveCfg = Debug|Any CPU
		{C20AD807-D629-084E-E1E6-7B1069A10252}.Debug|Any CPU.Build.0 = Debug|Any CPU
		{C20AD807-D629-084E-E1E6-7B1069A10252}.Release|Any CPU.ActiveCfg = Release|Any CPU
		{C20AD807-D629-084E-E1E6-7B1069A10252}.Release|Any CPU.Build.0 = Release|Any CPU
		{8BEF047E-1FB3-B572-567E-EE9D9DE920FE}.Debug|Any CPU.ActiveCfg = Debug|Any CPU
		{8BEF047E-1FB3-B572-567E-EE9D9DE920FE}.Debug|Any CPU.Build.0 = Debug|Any CPU
		{8BEF047E-1FB3-B572-567E-EE9D9DE920FE}.Release|Any CPU.ActiveCfg = Release|Any CPU
		{8BEF047E-1FB3-B572-567E-EE9D9DE920FE}.Release|Any CPU.Build.0 = Release|Any CPU
		{BCC8E098-EC9E-E661-9438-1DA6817E697F}.Debug|Any CPU.ActiveCfg = Debug|Any CPU
		{BCC8E098-EC9E-E661-9438-1DA6817E697F}.Debug|Any CPU.Build.0 = Debug|Any CPU
		{BCC8E098-EC9E-E661-9438-1DA6817E697F}.Release|Any CPU.ActiveCfg = Release|Any CPU
		{BCC8E098-EC9E-E661-9438-1DA6817E697F}.Release|Any CPU.Build.0 = Release|Any CPU
		{6ECEE82A-8664-9EED-8918-2F49361A4F8D}.Debug|Any CPU.ActiveCfg = Debug|Any CPU
		{6ECEE82A-8664-9EED-8918-2F49361A4F8D}.Debug|Any CPU.Build.0 = Debug|Any CPU
		{6ECEE82A-8664-9EED-8918-2F49361A4F8D}.Release|Any CPU.ActiveCfg = Release|Any CPU
		{6ECEE82A-8664-9EED-8918-2F49361A4F8D}.Release|Any CPU.Build.0 = Release|Any CPU
		{502872A0-62BF-BE5E-2F0C-40663A550028}.Debug|Any CPU.ActiveCfg = Debug|Any CPU
		{502872A0-62BF-BE5E-2F0C-40663A550028}.Debug|Any CPU.Build.0 = Debug|Any CPU
		{502872A0-62BF-BE5E-2F0C-40663A550028}.Release|Any CPU.ActiveCfg = Release|Any CPU
		{502872A0-62BF-BE5E-2F0C-40663A550028}.Release|Any CPU.Build.0 = Release|Any CPU
		{89DA18CC-F85A-28A9-17AA-2507C7B279CE}.Debug|Any CPU.ActiveCfg = Debug|Any CPU
		{89DA18CC-F85A-28A9-17AA-2507C7B279CE}.Debug|Any CPU.Build.0 = Debug|Any CPU
		{89DA18CC-F85A-28A9-17AA-2507C7B279CE}.Release|Any CPU.ActiveCfg = Release|Any CPU
		{89DA18CC-F85A-28A9-17AA-2507C7B279CE}.Release|Any CPU.Build.0 = Release|Any CPU
		{6D09AFE9-0D3D-0C05-0587-B4455B31B691}.Debug|Any CPU.ActiveCfg = Debug|Any CPU
		{6D09AFE9-0D3D-0C05-0587-B4455B31B691}.Debug|Any CPU.Build.0 = Debug|Any CPU
		{6D09AFE9-0D3D-0C05-0587-B4455B31B691}.Release|Any CPU.ActiveCfg = Release|Any CPU
		{6D09AFE9-0D3D-0C05-0587-B4455B31B691}.Release|Any CPU.Build.0 = Release|Any CPU
		{73BBEFA2-4DAB-586F-A1BB-C8BD9F00C3B4}.Debug|Any CPU.ActiveCfg = Debug|Any CPU
		{73BBEFA2-4DAB-586F-A1BB-C8BD9F00C3B4}.Debug|Any CPU.Build.0 = Debug|Any CPU
		{73BBEFA2-4DAB-586F-A1BB-C8BD9F00C3B4}.Release|Any CPU.ActiveCfg = Release|Any CPU
		{73BBEFA2-4DAB-586F-A1BB-C8BD9F00C3B4}.Release|Any CPU.Build.0 = Release|Any CPU
		{08693214-A0CB-47CC-8C6D-FF4A444CFB67}.Debug|Any CPU.ActiveCfg = Debug|Any CPU
		{08693214-A0CB-47CC-8C6D-FF4A444CFB67}.Debug|Any CPU.Build.0 = Debug|Any CPU
		{08693214-A0CB-47CC-8C6D-FF4A444CFB67}.Release|Any CPU.ActiveCfg = Release|Any CPU
		{08693214-A0CB-47CC-8C6D-FF4A444CFB67}.Release|Any CPU.Build.0 = Release|Any CPU
		{6C24BC78-3502-02AF-E7BE-357208E3723B}.Debug|Any CPU.ActiveCfg = Debug|Any CPU
		{6C24BC78-3502-02AF-E7BE-357208E3723B}.Debug|Any CPU.Build.0 = Debug|Any CPU
		{6C24BC78-3502-02AF-E7BE-357208E3723B}.Release|Any CPU.ActiveCfg = Release|Any CPU
		{6C24BC78-3502-02AF-E7BE-357208E3723B}.Release|Any CPU.Build.0 = Release|Any CPU
	EndGlobalSection
	GlobalSection(SolutionProperties) = preSolution
		HideSolutionNode = FALSE
	EndGlobalSection
EndGlobal
